dependencies:
- name: postgresql
  repository: https://charts.bitnami.com/bitnami
  version: 15.5.38
- name: pgadmin4
  repository: https://helm.runix.net
  version: 1.31.0
digest: sha256:dcf591ebbccef37435d5dd3f3404054fbb7930324611e59b57613b61c9ccfe00
generated: "2024-11-10T23:14:01.332806337+01:00"
