dependencies:
- name: common
  repository: https://charts.bitnami.com/bitnami
  version: 2.31.3
- name: argo-cd
  repository: https://argoproj.github.io/argo-helm
  version: 8.3.1
digest: sha256:47e76cfdae33beeb5dabb960734de0ee79aef75542a2a36ce18eeaef8d5367e4
generated: "2025-08-27T11:55:46.757407156Z"
