dependencies:
- name: common
  repository: https://charts.bitnami.com/bitnami
  version: 2.31.3
- name: argo-cd
  repository: https://argoproj.github.io/argo-helm
  version: 8.3.7
digest: sha256:04d2d31f280908d3cacd94cbbe529373ae31bc62eeaa98411d5a187298e48449
generated: "2025-09-12T11:15:57.551897313Z"
