dependencies:
- name: common
  repository: https://charts.bitnami.com/bitnami
  version: 2.31.3
- name: argo-cd
  repository: https://argoproj.github.io/argo-helm
  version: 8.5.7
digest: sha256:55bdccf93e09bbce4b6272e9eac7c0753f0bf009bfa1cf98d70ae97a3b476781
generated: "2025-09-29T12:35:01.883123843Z"
