dependencies:
- name: common
  repository: https://charts.bitnami.com/bitnami
  version: 2.31.3
- name: cert-manager
  repository: https://charts.bitnami.com/bitnami
  version: 1.5.13
digest: sha256:f95397d9c7eaa606e1c08f5013c1836d36a6982a490b98e37bf92fed12c57aae
generated: "2025-08-07T11:17:56.933275704Z"
